# This file was autogenerated by uv via the following command:
#    uv pip compile requirements-bpy.in --python-version 3.13 --only-binary :all: -o requirements-bpy.lock
attrs==26.1.0
    # via cattrs
bpy==5.2.2
    # via -r requirements-bpy.in
cattrs==26.2.1
    # via bpy
certifi==2026.7.22
    # via requests
charset-normalizer==3.5.2
    # via requests
cython==3.3.0
    # via bpy
idna==3.20
    # via requests
numpy==2.5.3
    # via bpy
requests==2.34.2
    # via bpy
typing-extensions==4.16.0
    # via cattrs
urllib3==2.8.0
    # via requests
zstandard==0.25.0
    # via bpy
